
# cargo-vet imports lock

[[publisher.utf8_iter]]
version = "1.0.4"
when = "2023-12-01"
user-id = 4484
user-login = "hsivonen"
user-name = "Henri Sivonen"

[[audits.mozilla.wildcard-audits.utf8_iter]]
who = "Makoto Kato <m_kato@ga2.so-net.ne.jp>"
criteria = "safe-to-deploy"
user-id = 4484 # Henri Sivonen (hsivonen)
start = "2022-04-19"
end = "2024-06-16"
notes = "Maintained by Henri Sivonen who works at Mozilla."
aggregated-from = "https://hg.mozilla.org/mozilla-central/raw-file/tip/supply-chain/audits.toml"

[[audits.mozilla.audits.bit-set]]
who = "Aria Beingessner <a.beingessner@gmail.com>"
criteria = "safe-to-deploy"
version = "0.5.2"
notes = "Another crate I own via contain-rs that is ancient and maintenance mode, no known issues."
aggregated-from = "https://hg.mozilla.org/mozilla-central/raw-file/tip/supply-chain/audits.toml"

[[audits.mozilla.audits.bit-set]]
who = "Mike Hommey <mh+mozilla@glandium.org>"
criteria = "safe-to-deploy"
delta = "0.5.2 -> 0.5.3"
aggregated-from = "https://hg.mozilla.org/mozilla-central/raw-file/tip/supply-chain/audits.toml"

[[audits.mozilla.audits.bit-set]]
who = "Teodor Tanasoaia <ttanasoaia@mozilla.com>"
criteria = "safe-to-deploy"
delta = "0.5.3 -> 0.6.0"
aggregated-from = "https://hg.mozilla.org/mozilla-central/raw-file/tip/supply-chain/audits.toml"

[[audits.mozilla.audits.bit-set]]
who = "Jim Blandy <jimb@red-bean.com>"
criteria = "safe-to-deploy"
delta = "0.6.0 -> 0.8.0"
aggregated-from = "https://hg.mozilla.org/mozilla-central/raw-file/tip/supply-chain/audits.toml"

[[audits.mozilla.audits.bit-vec]]
who = "Aria Beingessner <a.beingessner@gmail.com>"
criteria = "safe-to-deploy"
version = "0.6.3"
notes = "Another crate I own via contain-rs that is ancient and in maintenance mode but otherwise perfectly fine."
aggregated-from = "https://hg.mozilla.org/mozilla-central/raw-file/tip/supply-chain/audits.toml"

[[audits.mozilla.audits.bit-vec]]
who = "Teodor Tanasoaia <ttanasoaia@mozilla.com>"
criteria = "safe-to-deploy"
delta = "0.6.3 -> 0.7.0"
aggregated-from = "https://hg.mozilla.org/mozilla-central/raw-file/tip/supply-chain/audits.toml"

[[audits.mozilla.audits.bit-vec]]
who = "Jim Blandy <jimb@red-bean.com>"
criteria = "safe-to-deploy"
delta = "0.7.0 -> 0.8.0"
aggregated-from = "https://hg.mozilla.org/mozilla-central/raw-file/tip/supply-chain/audits.toml"

[[audits.mozilla.audits.fnv]]
who = "Bobby Holley <bobbyholley@gmail.com>"
criteria = "safe-to-deploy"
version = "1.0.7"
notes = "Simple hasher implementation with no unsafe code."
aggregated-from = "https://hg.mozilla.org/mozilla-central/raw-file/tip/supply-chain/audits.toml"

[[audits.mozilla.audits.form_urlencoded]]
who = "Valentin Gosu <valentin.gosu@gmail.com>"
criteria = "safe-to-deploy"
version = "1.2.0"
aggregated-from = "https://hg.mozilla.org/mozilla-central/raw-file/tip/supply-chain/audits.toml"

[[audits.mozilla.audits.form_urlencoded]]
who = "Valentin Gosu <valentin.gosu@gmail.com>"
criteria = "safe-to-deploy"
delta = "1.2.0 -> 1.2.1"
aggregated-from = "https://hg.mozilla.org/mozilla-central/raw-file/tip/supply-chain/audits.toml"

[[audits.mozilla.audits.form_urlencoded]]
who = "edgul <ed.guloien@gmail.com>"
criteria = "safe-to-deploy"
delta = "1.2.1 -> 1.2.2"
aggregated-from = "https://hg.mozilla.org/mozilla-central/raw-file/tip/supply-chain/audits.toml"

[[audits.mozilla.audits.hashbrown]]
who = "Mike Hommey <mh+mozilla@glandium.org>"
criteria = "safe-to-deploy"
version = "0.12.3"
notes = "This version is used in rust's libstd, so effectively we're already trusting it"
aggregated-from = "https://hg.mozilla.org/mozilla-central/raw-file/tip/supply-chain/audits.toml"

[[audits.mozilla.audits.hex]]
who = "Simon Friedberger <simon@mozilla.com>"
criteria = "safe-to-deploy"
version = "0.4.3"
aggregated-from = "https://hg.mozilla.org/mozilla-central/raw-file/tip/supply-chain/audits.toml"

[[audits.mozilla.audits.idna_adapter]]
who = "Valentin Gosu <valentin.gosu@gmail.com>"
criteria = "safe-to-deploy"
version = "1.2.0"
aggregated-from = "https://hg.mozilla.org/mozilla-central/raw-file/tip/supply-chain/audits.toml"

[[audits.mozilla.audits.idna_adapter]]
who = "Makoto Kato <m_kato@ga2.so-net.ne.jp>"
criteria = "safe-to-deploy"
delta = "1.2.0 -> 1.2.1"
aggregated-from = "https://hg.mozilla.org/mozilla-central/raw-file/tip/supply-chain/audits.toml"

[[audits.mozilla.audits.objc2]]
who = "Andy Leiserson <aleiserson@mozilla.com>"
criteria = "safe-to-deploy"
version = "0.6.3"
notes = """
Contains substantial unsafe code, as is typical for FFI.

The (non-published) `header-translator` crate that produces generated bindings
appearing in other `objc2-*` crates was also reviewed, in lieu of a full review
of the generated bindings.
"""
aggregated-from = "https://hg.mozilla.org/mozilla-central/raw-file/tip/supply-chain/audits.toml"

[[audits.mozilla.audits.objc2-encode]]
who = "Andy Leiserson <aleiserson@mozilla.com>"
criteria = "safe-to-deploy"
version = "4.1.0"
notes = "Support library for objc2 with no unsafe code"
aggregated-from = "https://hg.mozilla.org/mozilla-central/raw-file/tip/supply-chain/audits.toml"

[[audits.mozilla.audits.objc2-foundation]]
who = "Andy Leiserson <aleiserson@mozilla.com>"
criteria = "safe-to-deploy"
version = "0.3.2"
notes = """
Contains substantial unsafe code, as is typical for FFI.

The (non-published) `header-translator` crate that produces generated bindings
in this crate was also reviewed, in lieu of a full review of the generated
bindings.

Users of this crate should be aware of the information in
https://github.com/madsmtm/objc2/blob/main/crates/objc2/src/topics/frameworks_soundness.md.
"""
aggregated-from = "https://hg.mozilla.org/mozilla-central/raw-file/tip/supply-chain/audits.toml"

[[audits.mozilla.audits.oorandom]]
who = "Jan-Erik Rediger <jrediger@mozilla.com>"
criteria = "safe-to-run"
version = "11.1.5"
notes = "Small random number generator, explicitly not cryptographically secure, no use of unsafe code, no dependencies"
aggregated-from = "https://raw.githubusercontent.com/mozilla/glean/main/supply-chain/audits.toml"

[[audits.mozilla.audits.option-ext]]
who = "Nika Layzell <nika@thelayzells.com>"
criteria = "safe-to-deploy"
version = "0.2.0"
aggregated-from = "https://raw.githubusercontent.com/mozilla/cargo-vet/main/supply-chain/audits.toml"

[[audits.mozilla.audits.rustc-hash]]
who = "Bobby Holley <bobbyholley@gmail.com>"
criteria = "safe-to-deploy"
version = "1.1.0"
notes = "Straightforward crate with no unsafe code, does what it says on the tin."
aggregated-from = "https://hg.mozilla.org/mozilla-central/raw-file/tip/supply-chain/audits.toml"

[[audits.mozilla.audits.rustc-hash]]
who = "Ben Dean-Kawamura <bdk@mozilla.com>"
criteria = "safe-to-deploy"
delta = "1.1.0 -> 2.1.1"
notes = "Simple hashing crate, no unsafe code."
aggregated-from = "https://hg.mozilla.org/mozilla-central/raw-file/tip/supply-chain/audits.toml"

[[audits.mozilla.audits.synstructure]]
who = "Nika Layzell <nika@thelayzells.com>"
criteria = "safe-to-deploy"
version = "0.12.6"
notes = """
I am the primary author of the `synstructure` crate, and its current
maintainer. The one use of `unsafe` is unnecessary, but documented and
harmless. It will be removed in the next version.
"""
aggregated-from = "https://hg.mozilla.org/mozilla-central/raw-file/tip/supply-chain/audits.toml"

[[audits.mozilla.audits.synstructure]]
who = "Mike Hommey <mh+mozilla@glandium.org>"
criteria = "safe-to-deploy"
delta = "0.12.6 -> 0.13.0"
aggregated-from = "https://hg.mozilla.org/mozilla-central/raw-file/tip/supply-chain/audits.toml"

[[audits.mozilla.audits.synstructure]]
who = "Mike Hommey <mh+mozilla@glandium.org>"
criteria = "safe-to-deploy"
delta = "0.13.0 -> 0.13.1"
aggregated-from = "https://hg.mozilla.org/mozilla-central/raw-file/tip/supply-chain/audits.toml"

[[audits.mozilla.audits.synstructure]]
who = "Nika Layzell <nika@thelayzells.com>"
criteria = "safe-to-deploy"
delta = "0.13.1 -> 0.13.2"
aggregated-from = "https://raw.githubusercontent.com/mozilla/cargo-vet/main/supply-chain/audits.toml"
